
Microsoft Visual Studio Solution File, Format Version 11.00
# Visual Studio 2010
Project("{FAE04EC0-301F-11D3-BF4B-00C04F79EFBC}") = "Test", "Test.csproj", "{E8D8CFD4-0804-4DD4-8EFC-75F24DB89A18}"
EndProject
Project("{FAE04EC0-301F-11D3-BF4B-00C04F79EFBC}") = "Converter", "..\converter\src\Converter.csproj", "{68F06D03-0DB2-4D97-BD66-31E6179960FD}"
EndProject
Project("{FAE04EC0-301F-11D3-BF4B-00C04F79EFBC}") = "FileFormat", "..\fileformat\src\FileFormat.csproj", "{A9369E7A-5A2A-4DD5-8403-06D3CF54A4A5}"
EndProject
Project("{FAE04EC0-301F-11D3-BF4B-00C04F79EFBC}") = "Math", "..\math\src\Math.csproj", "{E6361C07-480A-4F85-87CE-89F2ED3B8277}"
EndProject
Project("{FAE04EC0-301F-11D3-BF4B-00C04F79EFBC}") = "Learning", "..\learning\src\Learning.csproj", "{B83429E8-0109-4C62-BDD7-3CE746B0C20A}"
EndProject
Project("{FAE04EC0-301F-11D3-BF4B-00C04F79EFBC}") = "Base", "..\base\src\Base.csproj", "{C78DCD68-43F0-47E5-ABC7-72B5E74C83AC}"
EndProject
Project("{FAE04EC0-301F-11D3-BF4B-00C04F79EFBC}") = "NeuralNetworks", "..\neural-networks\src\NeuralNetworks.csproj", "{3E62FA99-FA0D-47FB-81DE-97A56986CCF8}"
EndProject
Project("{FAE04EC0-301F-11D3-BF4B-00C04F79EFBC}") = "Statistics", "..\statistics\src\Statistics.csproj", "{698E7D64-69A3-4EEE-8942-3A933075FBA4}"
EndProject
Global
	GlobalSection(SolutionConfigurationPlatforms) = preSolution
		Debug|x86 = Debug|x86
		Release|x86 = Release|x86
	EndGlobalSection
	GlobalSection(ProjectConfigurationPlatforms) = postSolution
		{3E62FA99-FA0D-47FB-81DE-97A56986CCF8}.Debug|x86.ActiveCfg = Debug|Any CPU
		{3E62FA99-FA0D-47FB-81DE-97A56986CCF8}.Debug|x86.Build.0 = Debug|Any CPU
		{3E62FA99-FA0D-47FB-81DE-97A56986CCF8}.Release|x86.ActiveCfg = Release|Any CPU
		{3E62FA99-FA0D-47FB-81DE-97A56986CCF8}.Release|x86.Build.0 = Release|Any CPU
		{68F06D03-0DB2-4D97-BD66-31E6179960FD}.Debug|x86.ActiveCfg = Debug|x86
		{68F06D03-0DB2-4D97-BD66-31E6179960FD}.Debug|x86.Build.0 = Debug|x86
		{68F06D03-0DB2-4D97-BD66-31E6179960FD}.Release|x86.ActiveCfg = Release|x86
		{68F06D03-0DB2-4D97-BD66-31E6179960FD}.Release|x86.Build.0 = Release|x86
		{698E7D64-69A3-4EEE-8942-3A933075FBA4}.Debug|x86.ActiveCfg = Debug|Any CPU
		{698E7D64-69A3-4EEE-8942-3A933075FBA4}.Debug|x86.Build.0 = Debug|Any CPU
		{698E7D64-69A3-4EEE-8942-3A933075FBA4}.Release|x86.ActiveCfg = Release|Any CPU
		{698E7D64-69A3-4EEE-8942-3A933075FBA4}.Release|x86.Build.0 = Release|Any CPU
		{A9369E7A-5A2A-4DD5-8403-06D3CF54A4A5}.Debug|x86.ActiveCfg = Debug|Any CPU
		{A9369E7A-5A2A-4DD5-8403-06D3CF54A4A5}.Debug|x86.Build.0 = Debug|Any CPU
		{A9369E7A-5A2A-4DD5-8403-06D3CF54A4A5}.Release|x86.ActiveCfg = Release|Any CPU
		{A9369E7A-5A2A-4DD5-8403-06D3CF54A4A5}.Release|x86.Build.0 = Release|Any CPU
		{B83429E8-0109-4C62-BDD7-3CE746B0C20A}.Debug|x86.ActiveCfg = Debug|Any CPU
		{B83429E8-0109-4C62-BDD7-3CE746B0C20A}.Debug|x86.Build.0 = Debug|Any CPU
		{B83429E8-0109-4C62-BDD7-3CE746B0C20A}.Release|x86.ActiveCfg = Release|Any CPU
		{B83429E8-0109-4C62-BDD7-3CE746B0C20A}.Release|x86.Build.0 = Release|Any CPU
		{C78DCD68-43F0-47E5-ABC7-72B5E74C83AC}.Debug|x86.ActiveCfg = Debug|Any CPU
		{C78DCD68-43F0-47E5-ABC7-72B5E74C83AC}.Debug|x86.Build.0 = Debug|Any CPU
		{C78DCD68-43F0-47E5-ABC7-72B5E74C83AC}.Release|x86.ActiveCfg = Release|Any CPU
		{C78DCD68-43F0-47E5-ABC7-72B5E74C83AC}.Release|x86.Build.0 = Release|Any CPU
		{E6361C07-480A-4F85-87CE-89F2ED3B8277}.Debug|x86.ActiveCfg = Debug|Any CPU
		{E6361C07-480A-4F85-87CE-89F2ED3B8277}.Debug|x86.Build.0 = Debug|Any CPU
		{E6361C07-480A-4F85-87CE-89F2ED3B8277}.Release|x86.ActiveCfg = Release|Any CPU
		{E6361C07-480A-4F85-87CE-89F2ED3B8277}.Release|x86.Build.0 = Release|Any CPU
		{E8D8CFD4-0804-4DD4-8EFC-75F24DB89A18}.Debug|x86.ActiveCfg = Debug|x86
		{E8D8CFD4-0804-4DD4-8EFC-75F24DB89A18}.Debug|x86.Build.0 = Debug|x86
		{E8D8CFD4-0804-4DD4-8EFC-75F24DB89A18}.Release|x86.ActiveCfg = Release|x86
		{E8D8CFD4-0804-4DD4-8EFC-75F24DB89A18}.Release|x86.Build.0 = Release|x86
	EndGlobalSection
	GlobalSection(MonoDevelopProperties) = preSolution
		StartupItem = Test.csproj
		Policies = $0
		$0.DotNetNamingPolicy = $1
		$1.DirectoryNamespaceAssociation = Flat
		$1.ResourceNamePolicy = FileFormatDefault
		$0.StandardHeader = $2
		$2.Text = 
		$2.IncludeInNewFiles = True
	EndGlobalSection
EndGlobal
